// !$*UTF8*$!
{
	archiveVersion = 1;
	classes = {
	};
	objectVersion = 46;
	objects = {

/* Begin PBXBuildFile section */
		5D0486A91B54603F004A6EBB /* BNRPortfolio.m in Sources */ = {isa = PBXBuildFile; fileRef = 5D0486A81B54603F004A6EBB /* BNRPortfolio.m */; };
		5D89CDC81B4F22BC008EC929 /* BNRForeignStockHolding.m in Sources */ = {isa = PBXBuildFile; fileRef = 5D89CDC71B4F22BC008EC929 /* BNRForeignStockHolding.m */; };
		5DCD4B111B4C963D005958C8 /* main.m in Sources */ = {isa = PBXBuildFile; fileRef = 5DCD4B101B4C963D005958C8 /* main.m */; };
		5DCD4B191B4C966E005958C8 /* BNRStockHolding.m in Sources */ = {isa = PBXBuildFile; fileRef = 5DCD4B181B4C966E005958C8 /* BNRStockHolding.m */; };
/* End PBXBuildFile section */

/* Begin PBXCopyFilesBuildPhase section */
		5DCD4B0B1B4C963D005958C8 /* CopyFiles */ = {
			isa = PBXCopyFilesBuildPhase;
			buildActionMask = 2147483647;
			dstPath = /usr/share/man/man1/;
			dstSubfolderSpec = 0;
			files = (
			);
			runOnlyForDeploymentPostprocessing = 1;
		};
/* End PBXCopyFilesBuildPhase section */

/* Begin PBXFileReference section */
		5D0486A71B54603F004A6EBB /* BNRPortfolio.h */ = {isa = PBXFileReference; fileEncoding = 4; lastKnownFileType = sourcecode.c.h; path = BNRPortfolio.h; sourceTree = "<group>"; };
		5D0486A81B54603F004A6EBB /* BNRPortfolio.m */ = {isa = PBXFileReference; fileEncoding = 4; lastKnownFileType = sourcecode.c.objc; path = BNRPortfolio.m; sourceTree = "<group>"; };
		5D89CDC61B4F22BC008EC929 /* BNRForeignStockHolding.h */ = {isa = PBXFileReference; fileEncoding = 4; lastKnownFileType = sourcecode.c.h; path = BNRForeignStockHolding.h; sourceTree = "<group>"; };
		5D89CDC71B4F22BC008EC929 /* BNRForeignStockHolding.m */ = {isa = PBXFileReference; fileEncoding = 4; lastKnownFileType = sourcecode.c.objc; path = BNRForeignStockHolding.m; sourceTree = "<group>"; };
		5DCD4B0D1B4C963D005958C8 /* Stocks */ = {isa = PBXFileReference; explicitFileType = "compiled.mach-o.executable"; includeInIndex = 0; path = Stocks; sourceTree = BUILT_PRODUCTS_DIR; };
		5DCD4B101B4C963D005958C8 /* main.m */ = {isa = PBXFileReference; lastKnownFileType = sourcecode.c.objc; path = main.m; sourceTree = "<group>"; };
		5DCD4B171B4C966E005958C8 /* BNRStockHolding.h */ = {isa = PBXFileReference; fileEncoding = 4; lastKnownFileType = sourcecode.c.h; name = BNRStockHolding.h; path = ../BNRStockHolding.h; sourceTree = "<group>"; };
		5DCD4B181B4C966E005958C8 /* BNRStockHolding.m */ = {isa = PBXFileReference; fileEncoding = 4; lastKnownFileType = sourcecode.c.objc; name = BNRStockHolding.m; path = ../BNRStockHolding.m; sourceTree = "<group>"; };
/* End PBXFileReference section */

/* Begin PBXFrameworksBuildPhase section */
		5DCD4B0A1B4C963D005958C8 /* Frameworks */ = {
			isa = PBXFrameworksBuildPhase;
			buildActionMask = 2147483647;
			files = (
			);
			runOnlyForDeploymentPostprocessing = 0;
		};
/* End PBXFrameworksBuildPhase section */

/* Begin PBXGroup section */
		5DCD4B041B4C963D005958C8 = {
			isa = PBXGroup;
			children = (
				5DCD4B0F1B4C963D005958C8 /* Stocks */,
				5DCD4B0E1B4C963D005958C8 /* Products */,
			);
			sourceTree = "<group>";
		};
		5DCD4B0E1B4C963D005958C8 /* Products */ = {
			isa = PBXGroup;
			children = (
				5DCD4B0D1B4C963D005958C8 /* Stocks */,
			);
			name = Products;
			sourceTree = "<group>";
		};
		5DCD4B0F1B4C963D005958C8 /* Stocks */ = {
			isa = PBXGroup;
			children = (
				5DCD4B101B4C963D005958C8 /* main.m */,
				5DCD4B171B4C966E005958C8 /* BNRStockHolding.h */,
				5DCD4B181B4C966E005958C8 /* BNRStockHolding.m */,
				5D89CDC61B4F22BC008EC929 /* BNRForeignStockHolding.h */,
				5D89CDC71B4F22BC008EC929 /* BNRForeignStockHolding.m */,
				5D0486A71B54603F004A6EBB /* BNRPortfolio.h */,
				5D0486A81B54603F004A6EBB /* BNRPortfolio.m */,
			);
			path = Stocks;
			sourceTree = "<group>";
		};
/* End PBXGroup section */

/* Begin PBXNativeTarget section */
		5DCD4B0C1B4C963D005958C8 /* Stocks */ = {
			isa = PBXNativeTarget;
			buildConfigurationList = 5DCD4B141B4C963D005958C8 /* Build configuration list for PBXNativeTarget "Stocks" */;
			buildPhases = (
				5DCD4B091B4C963D005958C8 /* Sources */,
				5DCD4B0A1B4C963D005958C8 /* Frameworks */,
				5DCD4B0B1B4C963D005958C8 /* CopyFiles */,
			);
			buildRules = (
			);
			dependencies = (
			);
			name = Stocks;
			productName = Stocks;
			productReference = 5DCD4B0D1B4C963D005958C8 /* Stocks */;
			productType = "com.apple.product-type.tool";
		};
/* End PBXNativeTarget section */

/* Begin PBXProject section */
		5DCD4B051B4C963D005958C8 /* Project object */ = {
			isa = PBXProject;
			attributes = {
				LastUpgradeCheck = 0640;
				ORGANIZATIONNAME = "John Leonard";
				TargetAttributes = {
					5DCD4B0C1B4C963D005958C8 = {
						CreatedOnToolsVersion = 6.4;
					};
				};
			};
			buildConfigurationList = 5DCD4B081B4C963D005958C8 /* Build configuration list for PBXProject "Stocks" */;
			compatibilityVersion = "Xcode 3.2";
			developmentRegion = English;
			hasScannedForEncodings = 0;
			knownRegions = (
				en,
			);
			mainGroup = 5DCD4B041B4C963D005958C8;
			productRefGroup = 5DCD4B0E1B4C963D005958C8 /* Products */;
			projectDirPath = "";
			projectRoot = "";
			targets = (
				5DCD4B0C1B4C963D005958C8 /* Stocks */,
			);
		};
/* End PBXProject section */

/* Begin PBXSourcesBuildPhase section */
		5DCD4B091B4C963D005958C8 /* Sources */ = {
			isa = PBXSourcesBuildPhase;
			buildActionMask = 2147483647;
			files = (
				5D89CDC81B4F22BC008EC929 /* BNRForeignStockHolding.m in Sources */,
				5D0486A91B54603F004A6EBB /* BNRPortfolio.m in Sources */,
				5DCD4B111B4C963D005958C8 /* main.m in Sources */,
				5DCD4B191B4C966E005958C8 /* BNRStockHolding.m in Sources */,
			);
			runOnlyForDeploymentPostprocessing = 0;
		};
/* End PBXSourcesBuildPhase section */

/* Begin XCBuildConfiguration section */
		5DCD4B121B4C963D005958C8 /* Debug */ = {
			isa = XCBuildConfiguration;
			buildSettings = {
				ALWAYS_SEARCH_USER_PATHS = NO;
				CLANG_CXX_LANGUAGE_STANDARD = "gnu++0x";
				CLANG_CXX_LIBRARY = "libc++";
				CLANG_ENABLE_MODULES = YES;
				CLANG_ENABLE_OBJC_ARC = YES;
				CLANG_WARN_BOOL_CONVERSION = YES;
				CLANG_WARN_CONSTANT_CONVERSION = YES;
				CLANG_WARN_DIRECT_OBJC_ISA_USAGE = YES_ERROR;
				CLANG_WARN_EMPTY_BODY = YES;
				CLANG_WARN_ENUM_CONVERSION = YES;
				CLANG_WARN_INT_CONVERSION = YES;
				CLANG_WARN_OBJC_ROOT_CLASS = YES_ERROR;
				CLANG_WARN_UNREACHABLE_CODE = YES;
				CLANG_WARN__DUPLICATE_METHOD_MATCH = YES;
				COPY_PHASE_STRIP = NO;
				DEBUG_INFORMATION_FORMAT = dwarf;
				ENABLE_STRICT_OBJC_MSGSEND = YES;
				GCC_C_LANGUAGE_STANDARD = gnu99;
				GCC_DYNAMIC_NO_PIC = NO;
				GCC_NO_COMMON_BLOCKS = YES;
				GCC_OPTIMIZATION_LEVEL = 0;
				GCC_PREPROCESSOR_DEFINITIONS = (
					"DEBUG=1",
					"$(inherited)",
				);
				GCC_SYMBOLS_PRIVATE_EXTERN = NO;
				GCC_WARN_64_TO_32_BIT_CONVERSION = YES;
				GCC_WARN_ABOUT_RETURN_TYPE = YES_ERROR;
				GCC_WARN_UNDECLARED_SELECTOR = YES;
				GCC_WARN_UNINITIALIZED_AUTOS = YES_AGGRESSIVE;
				GCC_WARN_UNUSED_FUNCTION = YES;
				GCC_WARN_UNUSED_VARIABLE = YES;
				MACOSX_DEPLOYMENT_TARGET = 10.10;
				MTL_ENABLE_DEBUG_INFO = YES;
				ONLY_ACTIVE_ARCH = YES;
				SDKROOT = macosx;
			};
			name = Debug;
		};
		5DCD4B131B4C963D005958C8 /* Release */ = {
			isa = XCBuildConfiguration;
			buildSettings = {
				ALWAYS_SEARCH_USER_PATHS = NO;
				CLANG_CXX_LANGUAGE_STANDARD = "gnu++0x";
				CLANG_CXX_LIBRARY = "libc++";
				CLANG_ENABLE_MODULES = YES;
				CLANG_ENABLE_OBJC_ARC = YES;
				CLANG_WARN_BOOL_CONVERSION = YES;
				CLANG_WARN_CONSTANT_CONVERSION = YES;
				CLANG_WARN_DIRECT_OBJC_ISA_USAGE = YES_ERROR;
				CLANG_WARN_EMPTY_BODY = YES;
				CLANG_WARN_ENUM_CONVERSION = YES;
				CLANG_WARN_INT_CONVERSION = YES;
				CLANG_WARN_OBJC_ROOT_CLASS = YES_ERROR;
				CLANG_WARN_UNREACHABLE_CODE = YES;
				CLANG_WARN__DUPLICATE_METHOD_MATCH = YES;
				COPY_PHASE_STRIP = NO;
				DEBUG_INFORMATION_FORMAT = "dwarf-with-dsym";
				ENABLE_NS_ASSERTIONS = NO;
				ENABLE_STRICT_OBJC_MSGSEND = YES;
				GCC_C_LANGUAGE_STANDARD = gnu99;
				GCC_NO_COMMON_BLOCKS = YES;
				GCC_WARN_64_TO_32_BIT_CONVERSION = YES;
				GCC_WARN_ABOUT_RETURN_TYPE = YES_ERROR;
				GCC_WARN_UNDECLARED_SELECTOR = YES;
				GCC_WARN_UNINITIALIZED_AUTOS = YES_AGGRESSIVE;
				GCC_WARN_UNUSED_FUNCTION = YES;
				GCC_WARN_UNUSED_VARIABLE = YES;
				MACOSX_DEPLOYMENT_TARGET = 10.10;
				MTL_ENABLE_DEBUG_INFO = NO;
				SDKROOT = macosx;
			};
			name = Release;
		};
		5DCD4B151B4C963D005958C8 /* Debug */ = {
			isa = XCBuildConfiguration;
			buildSettings = {
				PRODUCT_NAME = "$(TARGET_NAME)";
			};
			name = Debug;
		};
		5DCD4B161B4C963D005958C8 /* Release */ = {
			isa = XCBuildConfiguration;
			buildSettings = {
				PRODUCT_NAME = "$(TARGET_NAME)";
			};
			name = Release;
		};
/* End XCBuildConfiguration section */

/* Begin XCConfigurationList section */
		5DCD4B081B4C963D005958C8 /* Build configuration list for PBXProject "Stocks" */ = {
			isa = XCConfigurationList;
			buildConfigurations = (
				5DCD4B121B4C963D005958C8 /* Debug */,
				5DCD4B131B4C963D005958C8 /* Release */,
			);
			defaultConfigurationIsVisible = 0;
			defaultConfigurationName = Release;
		};
		5DCD4B141B4C963D005958C8 /* Build configuration list for PBXNativeTarget "Stocks" */ = {
			isa = XCConfigurationList;
			buildConfigurations = (
				5DCD4B151B4C963D005958C8 /* Debug */,
				5DCD4B161B4C963D005958C8 /* Release */,
			);
			defaultConfigurationIsVisible = 0;
			defaultConfigurationName = Release;
		};
/* End XCConfigurationList section */
	};
	rootObject = 5DCD4B051B4C963D005958C8 /* Project object */;
}
